// !$*UTF8*$!
{
	archiveVersion = 1;
	classes = {
	};
	objectVersion = 55;
	objects = {

/* Begin PBXBuildFile section */
		1C5071CC2734239E005E5114 /* MyProfile.swift in Sources */ = {isa = PBXBuildFile; fileRef = 1C5071CB2734239E005E5114 /* MyProfile.swift */; };
		1C6B2EDF2733F0A2000B96C1 /* Login.swift in Sources */ = {isa = PBXBuildFile; fileRef = 1C6B2EDE2733F0A2000B96C1 /* Login.swift */; };
		1C6B2EE12733F10B000B96C1 /* SignUp.swift in Sources */ = {isa = PBXBuildFile; fileRef = 1C6B2EE02733F10B000B96C1 /* SignUp.swift */; };
		1C6B2EE32733F141000B96C1 /* ConversationView.swift in Sources */ = {isa = PBXBuildFile; fileRef = 1C6B2EE22733F141000B96C1 /* ConversationView.swift */; };
		1C6B2EE52733F170000B96C1 /* Conversation.swift in Sources */ = {isa = PBXBuildFile; fileRef = 1C6B2EE42733F170000B96C1 /* Conversation.swift */; };
		1C6B2EE72733F17E000B96C1 /* Message.swift in Sources */ = {isa = PBXBuildFile; fileRef = 1C6B2EE62733F17E000B96C1 /* Message.swift */; };
		1C6B2EE92733F1ED000B96C1 /* ChatRow.swift in Sources */ = {isa = PBXBuildFile; fileRef = 1C6B2EE82733F1ED000B96C1 /* ChatRow.swift */; };
		1C8716E72740251A00E0554B /* PasswordAlert.swift in Sources */ = {isa = PBXBuildFile; fileRef = 1C8716E62740251A00E0554B /* PasswordAlert.swift */; };
		1C8716E92740708500E0554B /* DescriptionAlert.swift in Sources */ = {isa = PBXBuildFile; fileRef = 1C8716E82740708500E0554B /* DescriptionAlert.swift */; };
		1CC36F18273E8A840092056B /* Settings.swift in Sources */ = {isa = PBXBuildFile; fileRef = 1CC36F17273E8A840092056B /* Settings.swift */; };
		8E026E71272A2DD600C183A6 /* Avatar.swift in Sources */ = {isa = PBXBuildFile; fileRef = 8E026E70272A2DD600C183A6 /* Avatar.swift */; };
		8E17C2CB2745D26F006C2C9C /* ViewModel.swift in Sources */ = {isa = PBXBuildFile; fileRef = 8E17C2CA2745D26F006C2C9C /* ViewModel.swift */; };
		8E2D95F6274B072A00F4FABC /* LocalizableStrings.strings in Resources */ = {isa = PBXBuildFile; fileRef = 8E2D95F8274B072A00F4FABC /* LocalizableStrings.strings */; };
		8E502F782726F6FC003227AA /* WspollokatorApp.swift in Sources */ = {isa = PBXBuildFile; fileRef = 8E502F772726F6FC003227AA /* WspollokatorApp.swift */; };
		8E502F7A2726F6FC003227AA /* ContentView.swift in Sources */ = {isa = PBXBuildFile; fileRef = 8E502F792726F6FC003227AA /* ContentView.swift */; };
		8E502F7C2726F6FE003227AA /* Assets.xcassets in Resources */ = {isa = PBXBuildFile; fileRef = 8E502F7B2726F6FE003227AA /* Assets.xcassets */; };
		8E502F7F2726F6FE003227AA /* Preview Assets.xcassets in Resources */ = {isa = PBXBuildFile; fileRef = 8E502F7E2726F6FE003227AA /* Preview Assets.xcassets */; };
		8E89BCCF272D5C3500C707BB /* SavedList.swift in Sources */ = {isa = PBXBuildFile; fileRef = 8E89BCCE272D5C3500C707BB /* SavedList.swift */; };
		8E89BCD1272D62FE00C707BB /* UserProfile.swift in Sources */ = {isa = PBXBuildFile; fileRef = 8E89BCD0272D62FE00C707BB /* UserProfile.swift */; };
		8E89BCD4272D6D5400C707BB /* User.swift in Sources */ = {isa = PBXBuildFile; fileRef = 8E89BCD3272D6D5400C707BB /* User.swift */; };
		8E89BCDD272DFE1300C707BB /* ConversationsList.swift in Sources */ = {isa = PBXBuildFile; fileRef = 8E89BCDC272DFE1300C707BB /* ConversationsList.swift */; };
		8ED4B715272BEF73007A0CCC /* ListRow.swift in Sources */ = {isa = PBXBuildFile; fileRef = 8ED4B714272BEF73007A0CCC /* ListRow.swift */; };
		8ED4B717272BF8A3007A0CCC /* Appearance.swift in Sources */ = {isa = PBXBuildFile; fileRef = 8ED4B716272BF8A2007A0CCC /* Appearance.swift */; };
		C2170E82273FE82D0076ECBF /* MapViewRepresentable.swift in Sources */ = {isa = PBXBuildFile; fileRef = C2170E81273FE82D0076ECBF /* MapViewRepresentable.swift */; };
		C2170E85273FF5AD0076ECBF /* MapViewContainer.swift in Sources */ = {isa = PBXBuildFile; fileRef = C2170E84273FF5AD0076ECBF /* MapViewContainer.swift */; };
		C2170E87274022890076ECBF /* GlobalHelpers.swift in Sources */ = {isa = PBXBuildFile; fileRef = C2170E86274022890076ECBF /* GlobalHelpers.swift */; };
		C252D9462757BF5D00CC99A8 /* LocationManager.swift in Sources */ = {isa = PBXBuildFile; fileRef = C252D9452757BF5D00CC99A8 /* LocationManager.swift */; };
		C25458BE2732EDEC00C5317F /* FilterView.swift in Sources */ = {isa = PBXBuildFile; fileRef = C25458BD2732EDEC00C5317F /* FilterView.swift */; };
		C25458C02732F0D400C5317F /* FilterRow.swift in Sources */ = {isa = PBXBuildFile; fileRef = C25458BF2732F0D400C5317F /* FilterRow.swift */; };
		C25458C227332ED300C5317F /* Filters.swift in Sources */ = {isa = PBXBuildFile; fileRef = C25458C127332ED300C5317F /* Filters.swift */; };
		C2610BD127315D8A00C4C941 /* MapView.swift in Sources */ = {isa = PBXBuildFile; fileRef = C2610BD027315D8A00C4C941 /* MapView.swift */; };
		C2610BD327315DE700C4C941 /* ListMapSearchView.swift in Sources */ = {isa = PBXBuildFile; fileRef = C2610BD227315DE700C4C941 /* ListMapSearchView.swift */; };
		C2610BD72731B3E400C4C941 /* SearchedList.swift in Sources */ = {isa = PBXBuildFile; fileRef = C2610BD62731B3E400C4C941 /* SearchedList.swift */; };
		C2FD03B7273EFBD100A4B44E /* FilterViewContainer.swift in Sources */ = {isa = PBXBuildFile; fileRef = C2FD03B6273EFBD100A4B44E /* FilterViewContainer.swift */; };
/* End PBXBuildFile section */

/* Begin PBXFileReference section */
		1C5071CB2734239E005E5114 /* MyProfile.swift */ = {isa = PBXFileReference; lastKnownFileType = sourcecode.swift; path = MyProfile.swift; sourceTree = "<group>"; };
		1C6B2EDE2733F0A2000B96C1 /* Login.swift */ = {isa = PBXFileReference; lastKnownFileType = sourcecode.swift; path = Login.swift; sourceTree = "<group>"; };
		1C6B2EE02733F10B000B96C1 /* SignUp.swift */ = {isa = PBXFileReference; lastKnownFileType = sourcecode.swift; path = SignUp.swift; sourceTree = "<group>"; };
		1C6B2EE22733F141000B96C1 /* ConversationView.swift */ = {isa = PBXFileReference; lastKnownFileType = sourcecode.swift; path = ConversationView.swift; sourceTree = "<group>"; };
		1C6B2EE42733F170000B96C1 /* Conversation.swift */ = {isa = PBXFileReference; lastKnownFileType = sourcecode.swift; path = Conversation.swift; sourceTree = "<group>"; };
		1C6B2EE62733F17E000B96C1 /* Message.swift */ = {isa = PBXFileReference; lastKnownFileType = sourcecode.swift; path = Message.swift; sourceTree = "<group>"; };
		1C6B2EE82733F1ED000B96C1 /* ChatRow.swift */ = {isa = PBXFileReference; lastKnownFileType = sourcecode.swift; path = ChatRow.swift; sourceTree = "<group>"; };
		1C8716E62740251A00E0554B /* PasswordAlert.swift */ = {isa = PBXFileReference; lastKnownFileType = sourcecode.swift; path = PasswordAlert.swift; sourceTree = "<group>"; };
		1C8716E82740708500E0554B /* DescriptionAlert.swift */ = {isa = PBXFileReference; lastKnownFileType = sourcecode.swift; path = DescriptionAlert.swift; sourceTree = "<group>"; };
		1CC36F17273E8A840092056B /* Settings.swift */ = {isa = PBXFileReference; lastKnownFileType = sourcecode.swift; path = Settings.swift; sourceTree = "<group>"; };
		8E026E70272A2DD600C183A6 /* Avatar.swift */ = {isa = PBXFileReference; lastKnownFileType = sourcecode.swift; path = Avatar.swift; sourceTree = "<group>"; };
		8E17C2CA2745D26F006C2C9C /* ViewModel.swift */ = {isa = PBXFileReference; lastKnownFileType = sourcecode.swift; path = ViewModel.swift; sourceTree = "<group>"; };
		8E2D95F7274B072A00F4FABC /* pl */ = {isa = PBXFileReference; lastKnownFileType = text.plist.strings; name = pl; path = pl.lproj/LocalizableStrings.strings; sourceTree = "<group>"; };
		8E502F742726F6FC003227AA /* Wspollokator.app */ = {isa = PBXFileReference; explicitFileType = wrapper.application; includeInIndex = 0; path = Wspollokator.app; sourceTree = BUILT_PRODUCTS_DIR; };
		8E502F772726F6FC003227AA /* WspollokatorApp.swift */ = {isa = PBXFileReference; lastKnownFileType = sourcecode.swift; path = WspollokatorApp.swift; sourceTree = "<group>"; };
		8E502F792726F6FC003227AA /* ContentView.swift */ = {isa = PBXFileReference; lastKnownFileType = sourcecode.swift; path = ContentView.swift; sourceTree = "<group>"; };
		8E502F7B2726F6FE003227AA /* Assets.xcassets */ = {isa = PBXFileReference; lastKnownFileType = folder.assetcatalog; path = Assets.xcassets; sourceTree = "<group>"; };
		8E502F7E2726F6FE003227AA /* Preview Assets.xcassets */ = {isa = PBXFileReference; lastKnownFileType = folder.assetcatalog; path = "Preview Assets.xcassets"; sourceTree = "<group>"; };
		8E89BCCE272D5C3500C707BB /* SavedList.swift */ = {isa = PBXFileReference; lastKnownFileType = sourcecode.swift; path = SavedList.swift; sourceTree = "<group>"; };
		8E89BCD0272D62FE00C707BB /* UserProfile.swift */ = {isa = PBXFileReference; lastKnownFileType = sourcecode.swift; path = UserProfile.swift; sourceTree = "<group>"; };
		8E89BCD3272D6D5400C707BB /* User.swift */ = {isa = PBXFileReference; lastKnownFileType = sourcecode.swift; path = User.swift; sourceTree = "<group>"; };
		8E89BCDC272DFE1300C707BB /* ConversationsList.swift */ = {isa = PBXFileReference; lastKnownFileType = sourcecode.swift; path = ConversationsList.swift; sourceTree = "<group>"; };
		8ED4B714272BEF73007A0CCC /* ListRow.swift */ = {isa = PBXFileReference; lastKnownFileType = sourcecode.swift; path = ListRow.swift; sourceTree = "<group>"; };
		8ED4B716272BF8A2007A0CCC /* Appearance.swift */ = {isa = PBXFileReference; lastKnownFileType = sourcecode.swift; path = Appearance.swift; sourceTree = "<group>"; };
		C2170E81273FE82D0076ECBF /* MapViewRepresentable.swift */ = {isa = PBXFileReference; lastKnownFileType = sourcecode.swift; path = MapViewRepresentable.swift; sourceTree = "<group>"; };
		C2170E84273FF5AD0076ECBF /* MapViewContainer.swift */ = {isa = PBXFileReference; lastKnownFileType = sourcecode.swift; path = MapViewContainer.swift; sourceTree = "<group>"; };
		C2170E86274022890076ECBF /* GlobalHelpers.swift */ = {isa = PBXFileReference; lastKnownFileType = sourcecode.swift; path = GlobalHelpers.swift; sourceTree = "<group>"; };
		C252D9452757BF5D00CC99A8 /* LocationManager.swift */ = {isa = PBXFileReference; lastKnownFileType = sourcecode.swift; path = LocationManager.swift; sourceTree = "<group>"; };
		C25458BD2732EDEC00C5317F /* FilterView.swift */ = {isa = PBXFileReference; lastKnownFileType = sourcecode.swift; path = FilterView.swift; sourceTree = "<group>"; };
		C25458BF2732F0D400C5317F /* FilterRow.swift */ = {isa = PBXFileReference; lastKnownFileType = sourcecode.swift; path = FilterRow.swift; sourceTree = "<group>"; };
		C25458C127332ED300C5317F /* Filters.swift */ = {isa = PBXFileReference; lastKnownFileType = sourcecode.swift; path = Filters.swift; sourceTree = "<group>"; };
		C2610BD027315D8A00C4C941 /* MapView.swift */ = {isa = PBXFileReference; lastKnownFileType = sourcecode.swift; path = MapView.swift; sourceTree = "<group>"; };
		C2610BD227315DE700C4C941 /* ListMapSearchView.swift */ = {isa = PBXFileReference; lastKnownFileType = sourcecode.swift; path = ListMapSearchView.swift; sourceTree = "<group>"; };
		C2610BD62731B3E400C4C941 /* SearchedList.swift */ = {isa = PBXFileReference; lastKnownFileType = sourcecode.swift; path = SearchedList.swift; sourceTree = "<group>"; };
		C2FD03B6273EFBD100A4B44E /* FilterViewContainer.swift */ = {isa = PBXFileReference; lastKnownFileType = sourcecode.swift; path = FilterViewContainer.swift; sourceTree = "<group>"; };
/* End PBXFileReference section */

/* Begin PBXFrameworksBuildPhase section */
		8E502F712726F6FC003227AA /* Frameworks */ = {
			isa = PBXFrameworksBuildPhase;
			buildActionMask = 2147483647;
			files = (
			);
			runOnlyForDeploymentPostprocessing = 0;
		};
/* End PBXFrameworksBuildPhase section */

/* Begin PBXGroup section */
		8E0F066F274541B700066B98 /* ViewModel */ = {
			isa = PBXGroup;
			children = (
				8E17C2CA2745D26F006C2C9C /* ViewModel.swift */,
			);
			path = ViewModel;
			sourceTree = "<group>";
		};
		8E502F6B2726F6FC003227AA = {
			isa = PBXGroup;
			children = (
				8E502F762726F6FC003227AA /* Wspollokator */,
				8E502F752726F6FC003227AA /* Products */,
			);
			sourceTree = "<group>";
		};
		8E502F752726F6FC003227AA /* Products */ = {
			isa = PBXGroup;
			children = (
				8E502F742726F6FC003227AA /* Wspollokator.app */,
			);
			name = Products;
			sourceTree = "<group>";
		};
		8E502F762726F6FC003227AA /* Wspollokator */ = {
			isa = PBXGroup;
			children = (
				8E502F772726F6FC003227AA /* WspollokatorApp.swift */,
				8E634960272F117D00244985 /* Helpers */,
				8E89BCD5272D6D6B00C707BB /* Models */,
				8E0F066F274541B700066B98 /* ViewModel */,
				8E89BCD2272D6D3000C707BB /* Views */,
				8E502F7B2726F6FE003227AA /* Assets.xcassets */,
				8E2D95F8274B072A00F4FABC /* LocalizableStrings.strings */,
				8E502F7D2726F6FE003227AA /* Preview Content */,
			);
			path = Wspollokator;
			sourceTree = "<group>";
		};
		8E502F7D2726F6FE003227AA /* Preview Content */ = {
			isa = PBXGroup;
			children = (
				8E502F7E2726F6FE003227AA /* Preview Assets.xcassets */,
			);
			path = "Preview Content";
			sourceTree = "<group>";
		};
		8E634960272F117D00244985 /* Helpers */ = {
			isa = PBXGroup;
			children = (
				8ED4B716272BF8A2007A0CCC /* Appearance.swift */,
				C25458C127332ED300C5317F /* Filters.swift */,
				C2170E86274022890076ECBF /* GlobalHelpers.swift */,
			);
			path = Helpers;
			sourceTree = "<group>";
		};
		8E89BCD2272D6D3000C707BB /* Views */ = {
			isa = PBXGroup;
			children = (
				8E026E70272A2DD600C183A6 /* Avatar.swift */,
				8E502F792726F6FC003227AA /* ContentView.swift */,
				8ED4B714272BEF73007A0CCC /* ListRow.swift */,
				8E89BCCE272D5C3500C707BB /* SavedList.swift */,
				8ED8A6E1274318840016CB3B /* Conversations */,
				C25458BC2732ECF200C5317F /* Filters */,
				8ED8A6DF274317650016CB3B /* Maps */,
				8ED8A6E2274318CC0016CB3B /* Profiles */,
				C2610BCF2731446100C4C941 /* Search */,
				8ED8A6E3274319BC0016CB3B /* Unauthorized Access */,
			);
			path = Views;
			sourceTree = "<group>";
		};
		8E89BCD5272D6D6B00C707BB /* Models */ = {
			isa = PBXGroup;
			children = (
				1C6B2EE42733F170000B96C1 /* Conversation.swift */,
				1C6B2EE62733F17E000B96C1 /* Message.swift */,
				8E89BCD3272D6D5400C707BB /* User.swift */,
			);
			path = Models;
			sourceTree = "<group>";
		};
		8ED8A6DF274317650016CB3B /* Maps */ = {
			isa = PBXGroup;
			children = (
				C2610BD027315D8A00C4C941 /* MapView.swift */,
				C2170E81273FE82D0076ECBF /* MapViewRepresentable.swift */,
				C2170E84273FF5AD0076ECBF /* MapViewContainer.swift */,
				C252D9452757BF5D00CC99A8 /* LocationManager.swift */,
			);
			path = Maps;
			sourceTree = "<group>";
		};
		8ED8A6E1274318840016CB3B /* Conversations */ = {
			isa = PBXGroup;
			children = (
				1C6B2EE82733F1ED000B96C1 /* ChatRow.swift */,
				8E89BCDC272DFE1300C707BB /* ConversationsList.swift */,
				1C6B2EE22733F141000B96C1 /* ConversationView.swift */,
			);
			path = Conversations;
			sourceTree = "<group>";
		};
		8ED8A6E2274318CC0016CB3B /* Profiles */ = {
			isa = PBXGroup;
			children = (
				1C8716E82740708500E0554B /* DescriptionAlert.swift */,
				1C5071CB2734239E005E5114 /* MyProfile.swift */,
				1C8716E62740251A00E0554B /* PasswordAlert.swift */,
				1CC36F17273E8A840092056B /* Settings.swift */,
				8E89BCD0272D62FE00C707BB /* UserProfile.swift */,
			);
			path = Profiles;
			sourceTree = "<group>";
		};
		8ED8A6E3274319BC0016CB3B /* Unauthorized Access */ = {
			isa = PBXGroup;
			children = (
				1C6B2EDE2733F0A2000B96C1 /* Login.swift */,
				1C6B2EE02733F10B000B96C1 /* SignUp.swift */,
			);
			path = "Unauthorized Access";
			sourceTree = "<group>";
		};
		C25458BC2732ECF200C5317F /* Filters */ = {
			isa = PBXGroup;
			children = (
				C25458BF2732F0D400C5317F /* FilterRow.swift */,
				C25458BD2732EDEC00C5317F /* FilterView.swift */,
				C2FD03B6273EFBD100A4B44E /* FilterViewContainer.swift */,
			);
			path = Filters;
			sourceTree = "<group>";
		};
		C2610BCF2731446100C4C941 /* Search */ = {
			isa = PBXGroup;
			children = (
				C2610BD227315DE700C4C941 /* ListMapSearchView.swift */,
				C2610BD62731B3E400C4C941 /* SearchedList.swift */,
			);
			path = Search;
			sourceTree = "<group>";
		};
/* End PBXGroup section */

/* Begin PBXNativeTarget section */
		8E502F732726F6FC003227AA /* Wspollokator */ = {
			isa = PBXNativeTarget;
			buildConfigurationList = 8E502F822726F6FE003227AA /* Build configuration list for PBXNativeTarget "Wspollokator" */;
			buildPhases = (
				8E502F702726F6FC003227AA /* Sources */,
				8E502F712726F6FC003227AA /* Frameworks */,
				8E502F722726F6FC003227AA /* Resources */,
			);
			buildRules = (
			);
			dependencies = (
			);
			name = Wspollokator;
			productName = Wspollokator;
			productReference = 8E502F742726F6FC003227AA /* Wspollokator.app */;
			productType = "com.apple.product-type.application";
		};
/* End PBXNativeTarget section */

/* Begin PBXProject section */
		8E502F6C2726F6FC003227AA /* Project object */ = {
			isa = PBXProject;
			attributes = {
				BuildIndependentTargetsInParallel = 1;
				LastSwiftUpdateCheck = 1300;
				LastUpgradeCheck = 1300;
				TargetAttributes = {
					8E502F732726F6FC003227AA = {
						CreatedOnToolsVersion = 13.0;
					};
				};
			};
			buildConfigurationList = 8E502F6F2726F6FC003227AA /* Build configuration list for PBXProject "Wspollokator" */;
			compatibilityVersion = "Xcode 13.0";
			developmentRegion = en;
			hasScannedForEncodings = 0;
			knownRegions = (
				en,
				pl,
				Base,
			);
			mainGroup = 8E502F6B2726F6FC003227AA;
			productRefGroup = 8E502F752726F6FC003227AA /* Products */;
			projectDirPath = "";
			projectRoot = "";
			targets = (
				8E502F732726F6FC003227AA /* Wspollokator */,
			);
		};
/* End PBXProject section */

/* Begin PBXResourcesBuildPhase section */
		8E502F722726F6FC003227AA /* Resources */ = {
			isa = PBXResourcesBuildPhase;
			buildActionMask = 2147483647;
			files = (
				8E2D95F6274B072A00F4FABC /* LocalizableStrings.strings in Resources */,
				8E502F7F2726F6FE003227AA /* Preview Assets.xcassets in Resources */,
				8E502F7C2726F6FE003227AA /* Assets.xcassets in Resources */,
			);
			runOnlyForDeploymentPostprocessing = 0;
		};
/* End PBXResourcesBuildPhase section */

/* Begin PBXSourcesBuildPhase section */
		8E502F702726F6FC003227AA /* Sources */ = {
			isa = PBXSourcesBuildPhase;
			buildActionMask = 2147483647;
			files = (
				1C6B2EE92733F1ED000B96C1 /* ChatRow.swift in Sources */,
				C25458BE2732EDEC00C5317F /* FilterView.swift in Sources */,
				1C6B2EDF2733F0A2000B96C1 /* Login.swift in Sources */,
				8ED4B717272BF8A3007A0CCC /* Appearance.swift in Sources */,
				1C8716E92740708500E0554B /* DescriptionAlert.swift in Sources */,
				C2610BD327315DE700C4C941 /* ListMapSearchView.swift in Sources */,
				1C5071CC2734239E005E5114 /* MyProfile.swift in Sources */,
				C252D9462757BF5D00CC99A8 /* LocationManager.swift in Sources */,
				1C6B2EE32733F141000B96C1 /* ConversationView.swift in Sources */,
				8ED4B715272BEF73007A0CCC /* ListRow.swift in Sources */,
				C2FD03B7273EFBD100A4B44E /* FilterViewContainer.swift in Sources */,
				C2170E85273FF5AD0076ECBF /* MapViewContainer.swift in Sources */,
				1CC36F18273E8A840092056B /* Settings.swift in Sources */,
				1C6B2EE72733F17E000B96C1 /* Message.swift in Sources */,
				8E89BCDD272DFE1300C707BB /* ConversationsList.swift in Sources */,
				C2610BD127315D8A00C4C941 /* MapView.swift in Sources */,
				1C6B2EE52733F170000B96C1 /* Conversation.swift in Sources */,
				1C6B2EE12733F10B000B96C1 /* SignUp.swift in Sources */,
				8E89BCD1272D62FE00C707BB /* UserProfile.swift in Sources */,
				C2610BD72731B3E400C4C941 /* SearchedList.swift in Sources */,
				C2170E82273FE82D0076ECBF /* MapViewRepresentable.swift in Sources */,
				8E026E71272A2DD600C183A6 /* Avatar.swift in Sources */,
				8E89BCD4272D6D5400C707BB /* User.swift in Sources */,
				8E17C2CB2745D26F006C2C9C /* ViewModel.swift in Sources */,
				C25458C02732F0D400C5317F /* FilterRow.swift in Sources */,
				C2170E87274022890076ECBF /* GlobalHelpers.swift in Sources */,
				C25458C227332ED300C5317F /* Filters.swift in Sources */,
				1C8716E72740251A00E0554B /* PasswordAlert.swift in Sources */,
				8E502F7A2726F6FC003227AA /* ContentView.swift in Sources */,
				8E502F782726F6FC003227AA /* WspollokatorApp.swift in Sources */,
				8E89BCCF272D5C3500C707BB /* SavedList.swift in Sources */,
			);
			runOnlyForDeploymentPostprocessing = 0;
		};
/* End PBXSourcesBuildPhase section */

/* Begin PBXVariantGroup section */
		8E2D95F8274B072A00F4FABC /* LocalizableStrings.strings */ = {
			isa = PBXVariantGroup;
			children = (
				8E2D95F7274B072A00F4FABC /* pl */,
			);
			name = LocalizableStrings.strings;
			sourceTree = "<group>";
		};
/* End PBXVariantGroup section */

/* Begin XCBuildConfiguration section */
		8E502F802726F6FE003227AA /* Debug */ = {
			isa = XCBuildConfiguration;
			buildSettings = {
				ALWAYS_SEARCH_USER_PATHS = NO;
				CLANG_ANALYZER_NONNULL = YES;
				CLANG_ANALYZER_NUMBER_OBJECT_CONVERSION = YES_AGGRESSIVE;
				CLANG_CXX_LANGUAGE_STANDARD = "gnu++17";
				CLANG_CXX_LIBRARY = "libc++";
				CLANG_ENABLE_MODULES = YES;
				CLANG_ENABLE_OBJC_ARC = YES;
				CLANG_ENABLE_OBJC_WEAK = YES;
				CLANG_WARN_BLOCK_CAPTURE_AUTORELEASING = YES;
				CLANG_WARN_BOOL_CONVERSION = YES;
				CLANG_WARN_COMMA = YES;
				CLANG_WARN_CONSTANT_CONVERSION = YES;
				CLANG_WARN_DEPRECATED_OBJC_IMPLEMENTATIONS = YES;
				CLANG_WARN_DIRECT_OBJC_ISA_USAGE = YES_ERROR;
				CLANG_WARN_DOCUMENTATION_COMMENTS = YES;
				CLANG_WARN_EMPTY_BODY = YES;
				CLANG_WARN_ENUM_CONVERSION = YES;
				CLANG_WARN_INFINITE_RECURSION = YES;
				CLANG_WARN_INT_CONVERSION = YES;
				CLANG_WARN_NON_LITERAL_NULL_CONVERSION = YES;
				CLANG_WARN_OBJC_IMPLICIT_RETAIN_SELF = YES;
				CLANG_WARN_OBJC_LITERAL_CONVERSION = YES;
				CLANG_WARN_OBJC_ROOT_CLASS = YES_ERROR;
				CLANG_WARN_QUOTED_INCLUDE_IN_FRAMEWORK_HEADER = YES;
				CLANG_WARN_RANGE_LOOP_ANALYSIS = YES;
				CLANG_WARN_STRICT_PROTOTYPES = YES;
				CLANG_WARN_SUSPICIOUS_MOVE = YES;
				CLANG_WARN_UNGUARDED_AVAILABILITY = YES_AGGRESSIVE;
				CLANG_WARN_UNREACHABLE_CODE = YES;
				CLANG_WARN__DUPLICATE_METHOD_MATCH = YES;
				COPY_PHASE_STRIP = NO;
				DEBUG_INFORMATION_FORMAT = dwarf;
				ENABLE_STRICT_OBJC_MSGSEND = YES;
				ENABLE_TESTABILITY = YES;
				GCC_C_LANGUAGE_STANDARD = gnu11;
				GCC_DYNAMIC_NO_PIC = NO;
				GCC_NO_COMMON_BLOCKS = YES;
				GCC_OPTIMIZATION_LEVEL = 0;
				GCC_PREPROCESSOR_DEFINITIONS = (
					"DEBUG=1",
					"$(inherited)",
				);
				GCC_WARN_64_TO_32_BIT_CONVERSION = YES;
				GCC_WARN_ABOUT_RETURN_TYPE = YES_ERROR;
				GCC_WARN_UNDECLARED_SELECTOR = YES;
				GCC_WARN_UNINITIALIZED_AUTOS = YES_AGGRESSIVE;
				GCC_WARN_UNUSED_FUNCTION = YES;
				GCC_WARN_UNUSED_VARIABLE = YES;
				IPHONEOS_DEPLOYMENT_TARGET = 15.0;
				MTL_ENABLE_DEBUG_INFO = INCLUDE_SOURCE;
				MTL_FAST_MATH = YES;
				ONLY_ACTIVE_ARCH = YES;
				SDKROOT = iphoneos;
				SWIFT_ACTIVE_COMPILATION_CONDITIONS = DEBUG;
				SWIFT_OPTIMIZATION_LEVEL = "-Onone";
			};
			name = Debug;
		};
		8E502F812726F6FE003227AA /* Release */ = {
			isa = XCBuildConfiguration;
			buildSettings = {
				ALWAYS_SEARCH_USER_PATHS = NO;
				CLANG_ANALYZER_NONNULL = YES;
				CLANG_ANALYZER_NUMBER_OBJECT_CONVERSION = YES_AGGRESSIVE;
				CLANG_CXX_LANGUAGE_STANDARD = "gnu++17";
				CLANG_CXX_LIBRARY = "libc++";
				CLANG_ENABLE_MODULES = YES;
				CLANG_ENABLE_OBJC_ARC = YES;
				CLANG_ENABLE_OBJC_WEAK = YES;
				CLANG_WARN_BLOCK_CAPTURE_AUTORELEASING = YES;
				CLANG_WARN_BOOL_CONVERSION = YES;
				CLANG_WARN_COMMA = YES;
				CLANG_WARN_CONSTANT_CONVERSION = YES;
				CLANG_WARN_DEPRECATED_OBJC_IMPLEMENTATIONS = YES;
				CLANG_WARN_DIRECT_OBJC_ISA_USAGE = YES_ERROR;
				CLANG_WARN_DOCUMENTATION_COMMENTS = YES;
				CLANG_WARN_EMPTY_BODY = YES;
				CLANG_WARN_ENUM_CONVERSION = YES;
				CLANG_WARN_INFINITE_RECURSION = YES;
				CLANG_WARN_INT_CONVERSION = YES;
				CLANG_WARN_NON_LITERAL_NULL_CONVERSION = YES;
				CLANG_WARN_OBJC_IMPLICIT_RETAIN_SELF = YES;
				CLANG_WARN_OBJC_LITERAL_CONVERSION = YES;
				CLANG_WARN_OBJC_ROOT_CLASS = YES_ERROR;
				CLANG_WARN_QUOTED_INCLUDE_IN_FRAMEWORK_HEADER = YES;
				CLANG_WARN_RANGE_LOOP_ANALYSIS = YES;
				CLANG_WARN_STRICT_PROTOTYPES = YES;
				CLANG_WARN_SUSPICIOUS_MOVE = YES;
				CLANG_WARN_UNGUARDED_AVAILABILITY = YES_AGGRESSIVE;
				CLANG_WARN_UNREACHABLE_CODE = YES;
				CLANG_WARN__DUPLICATE_METHOD_MATCH = YES;
				COPY_PHASE_STRIP = NO;
				DEBUG_INFORMATION_FORMAT = "dwarf-with-dsym";
				ENABLE_NS_ASSERTIONS = NO;
				ENABLE_STRICT_OBJC_MSGSEND = YES;
				GCC_C_LANGUAGE_STANDARD = gnu11;
				GCC_NO_COMMON_BLOCKS = YES;
				GCC_WARN_64_TO_32_BIT_CONVERSION = YES;
				GCC_WARN_ABOUT_RETURN_TYPE = YES_ERROR;
				GCC_WARN_UNDECLARED_SELECTOR = YES;
				GCC_WARN_UNINITIALIZED_AUTOS = YES_AGGRESSIVE;
				GCC_WARN_UNUSED_FUNCTION = YES;
				GCC_WARN_UNUSED_VARIABLE = YES;
				IPHONEOS_DEPLOYMENT_TARGET = 15.0;
				MTL_ENABLE_DEBUG_INFO = NO;
				MTL_FAST_MATH = YES;
				SDKROOT = iphoneos;
				SWIFT_COMPILATION_MODE = wholemodule;
				SWIFT_OPTIMIZATION_LEVEL = "-O";
				VALIDATE_PRODUCT = YES;
			};
			name = Release;
		};
		8E502F832726F6FE003227AA /* Debug */ = {
			isa = XCBuildConfiguration;
			buildSettings = {
				ASSETCATALOG_COMPILER_APPICON_NAME = AppIcon;
				ASSETCATALOG_COMPILER_GLOBAL_ACCENT_COLOR_NAME = AccentColor;
				CODE_SIGN_STYLE = Automatic;
				CURRENT_PROJECT_VERSION = 1;
				DEVELOPMENT_ASSET_PATHS = "\"Wspollokator/Preview Content\"";
				DEVELOPMENT_TEAM = "";
				ENABLE_PREVIEWS = YES;
				GENERATE_INFOPLIST_FILE = YES;
				INFOPLIST_KEY_CFBundleDisplayName = "Współlokator";
				INFOPLIST_KEY_NSLocationWhenInUseUsageDescription = "Możesz wykorzystać bieżącą lokalizację, by szybko ustawić swój punkt.";
				INFOPLIST_KEY_UIApplicationSceneManifest_Generation = YES;
				INFOPLIST_KEY_UIApplicationSupportsIndirectInputEvents = YES;
				INFOPLIST_KEY_UILaunchScreen_Generation = YES;
				INFOPLIST_KEY_UISupportedInterfaceOrientations = UIInterfaceOrientationPortrait;
				INFOPLIST_KEY_UISupportedInterfaceOrientations_iPad = "UIInterfaceOrientationPortrait UIInterfaceOrientationPortraitUpsideDown UIInterfaceOrientationLandscapeLeft UIInterfaceOrientationLandscapeRight";
				INFOPLIST_KEY_UISupportedInterfaceOrientations_iPhone = "UIInterfaceOrientationPortrait UIInterfaceOrientationLandscapeLeft UIInterfaceOrientationLandscapeRight";
				IPHONEOS_DEPLOYMENT_TARGET = 15.0;
				LD_RUNPATH_SEARCH_PATHS = (
					"$(inherited)",
					"@executable_path/Frameworks",
				);
				MARKETING_VERSION = 1.0;
				PRODUCT_BUNDLE_IDENTIFIER = SGGW.Wspollokator;
				PRODUCT_NAME = "$(TARGET_NAME)";
				SWIFT_EMIT_LOC_STRINGS = YES;
				SWIFT_VERSION = 5.0;
				TARGETED_DEVICE_FAMILY = 1;
			};
			name = Debug;
		};
		8E502F842726F6FE003227AA /* Release */ = {
			isa = XCBuildConfiguration;
			buildSettings = {
				ASSETCATALOG_COMPILER_APPICON_NAME = AppIcon;
				ASSETCATALOG_COMPILER_GLOBAL_ACCENT_COLOR_NAME = AccentColor;
				CODE_SIGN_STYLE = Automatic;
				CURRENT_PROJECT_VERSION = 1;
				DEVELOPMENT_ASSET_PATHS = "\"Wspollokator/Preview Content\"";
				DEVELOPMENT_TEAM = "";
				ENABLE_PREVIEWS = YES;
				GENERATE_INFOPLIST_FILE = YES;
				INFOPLIST_KEY_CFBundleDisplayName = "Współlokator";
				INFOPLIST_KEY_NSLocationWhenInUseUsageDescription = "Możesz wykorzystać bieżącą lokalizację, by szybko ustawić swój punkt.";
				INFOPLIST_KEY_UIApplicationSceneManifest_Generation = YES;
				INFOPLIST_KEY_UIApplicationSupportsIndirectInputEvents = YES;
				INFOPLIST_KEY_UILaunchScreen_Generation = YES;
				INFOPLIST_KEY_UISupportedInterfaceOrientations = UIInterfaceOrientationPortrait;
				INFOPLIST_KEY_UISupportedInterfaceOrientations_iPad = "UIInterfaceOrientationPortrait UIInterfaceOrientationPortraitUpsideDown UIInterfaceOrientationLandscapeLeft UIInterfaceOrientationLandscapeRight";
				INFOPLIST_KEY_UISupportedInterfaceOrientations_iPhone = "UIInterfaceOrientationPortrait UIInterfaceOrientationLandscapeLeft UIInterfaceOrientationLandscapeRight";
				IPHONEOS_DEPLOYMENT_TARGET = 15.0;
				LD_RUNPATH_SEARCH_PATHS = (
					"$(inherited)",
					"@executable_path/Frameworks",
				);
				MARKETING_VERSION = 1.0;
				PRODUCT_BUNDLE_IDENTIFIER = SGGW.Wspollokator;
				PRODUCT_NAME = "$(TARGET_NAME)";
				SWIFT_EMIT_LOC_STRINGS = YES;
				SWIFT_VERSION = 5.0;
				TARGETED_DEVICE_FAMILY = 1;
			};
			name = Release;
		};
/* End XCBuildConfiguration section */

/* Begin XCConfigurationList section */
		8E502F6F2726F6FC003227AA /* Build configuration list for PBXProject "Wspollokator" */ = {
			isa = XCConfigurationList;
			buildConfigurations = (
				8E502F802726F6FE003227AA /* Debug */,
				8E502F812726F6FE003227AA /* Release */,
			);
			defaultConfigurationIsVisible = 0;
			defaultConfigurationName = Release;
		};
		8E502F822726F6FE003227AA /* Build configuration list for PBXNativeTarget "Wspollokator" */ = {
			isa = XCConfigurationList;
			buildConfigurations = (
				8E502F832726F6FE003227AA /* Debug */,
				8E502F842726F6FE003227AA /* Release */,
			);
			defaultConfigurationIsVisible = 0;
			defaultConfigurationName = Release;
		};
/* End XCConfigurationList section */
	};
	rootObject = 8E502F6C2726F6FC003227AA /* Project object */;
}
